
Microsoft Visual Studio Solution File, Format Version 12.00
# Visual Studio Version 16
VisualStudioVersion = 16.0.31702.278
MinimumVisualStudioVersion = 10.0.40219.1
Project("{9A19103F-16F7-4668-BE54-9A1E7A4F7556}") = "FramePrintPDF", "FramePrintPDF\FramePrintPDF.csproj", "{20BC1F36-67D1-428C-8884-6F5D5E9EDA5C}"
EndProject
Project("{9A19103F-16F7-4668-BE54-9A1E7A4F7556}") = "PDF_Manager", "PDF_Manager\PDF_Manager.csproj", "{77607410-4861-4357-952F-E76A0CACD5C2}"
EndProject
Project("{9A19103F-16F7-4668-BE54-9A1E7A4F7556}") = "PDF_Test", "PDF_Test\PDF_Test.csproj", "{8E634F8A-0D17-4FBC-879E-B034497B2C94}"
EndProject
Global
	GlobalSection(SolutionConfigurationPlatforms) = preSolution
		Debug|Any CPU = Debug|Any CPU
		Release|Any CPU = Release|Any CPU
	EndGlobalSection
	GlobalSection(ProjectConfigurationPlatforms) = postSolution
		{20BC1F36-67D1-428C-8884-6F5D5E9EDA5C}.Debug|Any CPU.ActiveCfg = Debug|Any CPU
		{20BC1F36-67D1-428C-8884-6F5D5E9EDA5C}.Debug|Any CPU.Build.0 = Debug|Any CPU
		{20BC1F36-67D1-428C-8884-6F5D5E9EDA5C}.Release|Any CPU.ActiveCfg = Release|Any CPU
		{20BC1F36-67D1-428C-8884-6F5D5E9EDA5C}.Release|Any CPU.Build.0 = Release|Any CPU
		{77607410-4861-4357-952F-E76A0CACD5C2}.Debug|Any CPU.ActiveCfg = Debug|Any CPU
		{77607410-4861-4357-952F-E76A0CACD5C2}.Debug|Any CPU.Build.0 = Debug|Any CPU
		{77607410-4861-4357-952F-E76A0CACD5C2}.Release|Any CPU.ActiveCfg = Release|Any CPU
		{77607410-4861-4357-952F-E76A0CACD5C2}.Release|Any CPU.Build.0 = Release|Any CPU
		{8E634F8A-0D17-4FBC-879E-B034497B2C94}.Debug|Any CPU.ActiveCfg = Debug|Any CPU
		{8E634F8A-0D17-4FBC-879E-B034497B2C94}.Debug|Any CPU.Build.0 = Debug|Any CPU
		{8E634F8A-0D17-4FBC-879E-B034497B2C94}.Release|Any CPU.ActiveCfg = Release|Any CPU
		{8E634F8A-0D17-4FBC-879E-B034497B2C94}.Release|Any CPU.Build.0 = Release|Any CPU
	EndGlobalSection
	GlobalSection(SolutionProperties) = preSolution
		HideSolutionNode = FALSE
	EndGlobalSection
	GlobalSection(ExtensibilityGlobals) = postSolution
		SolutionGuid = {43BA0885-7D9C-4337-BB9F-767ACCC80483}
	EndGlobalSection
EndGlobal
