
Microsoft Visual Studio Solution File, Format Version 12.00
# Visual Studio Version 16
VisualStudioVersion = 16.0.31702.278
MinimumVisualStudioVersion = 10.0.40219.1
Project("{9A19103F-16F7-4668-BE54-9A1E7A4F7556}") = "FramePrintPDF", "FramePrintPDF\FramePrintPDF.csproj", "{AA40D92A-11C0-479E-88E8-76F22F34FA4C}"
EndProject
Project("{9A19103F-16F7-4668-BE54-9A1E7A4F7556}") = "PDF_Manager", "PDF_Manager\PDF_Manager.csproj", "{DF5009D8-AD35-4C59-B05D-CAF610C7DF5B}"
EndProject
Project("{9A19103F-16F7-4668-BE54-9A1E7A4F7556}") = "PDF_Test", "PDF_Test\PDF_Test.csproj", "{28C271CC-5277-4CDA-A069-ACA618A98FE3}"
EndProject
Global
	GlobalSection(SolutionConfigurationPlatforms) = preSolution
		Debug|Any CPU = Debug|Any CPU
		Release|Any CPU = Release|Any CPU
	EndGlobalSection
	GlobalSection(ProjectConfigurationPlatforms) = postSolution
		{AA40D92A-11C0-479E-88E8-76F22F34FA4C}.Debug|Any CPU.ActiveCfg = Debug|Any CPU
		{AA40D92A-11C0-479E-88E8-76F22F34FA4C}.Debug|Any CPU.Build.0 = Debug|Any CPU
		{AA40D92A-11C0-479E-88E8-76F22F34FA4C}.Release|Any CPU.ActiveCfg = Release|Any CPU
		{AA40D92A-11C0-479E-88E8-76F22F34FA4C}.Release|Any CPU.Build.0 = Release|Any CPU
		{DF5009D8-AD35-4C59-B05D-CAF610C7DF5B}.Debug|Any CPU.ActiveCfg = Debug|Any CPU
		{DF5009D8-AD35-4C59-B05D-CAF610C7DF5B}.Debug|Any CPU.Build.0 = Debug|Any CPU
		{DF5009D8-AD35-4C59-B05D-CAF610C7DF5B}.Release|Any CPU.ActiveCfg = Release|Any CPU
		{DF5009D8-AD35-4C59-B05D-CAF610C7DF5B}.Release|Any CPU.Build.0 = Release|Any CPU
		{28C271CC-5277-4CDA-A069-ACA618A98FE3}.Debug|Any CPU.ActiveCfg = Debug|Any CPU
		{28C271CC-5277-4CDA-A069-ACA618A98FE3}.Debug|Any CPU.Build.0 = Debug|Any CPU
		{28C271CC-5277-4CDA-A069-ACA618A98FE3}.Release|Any CPU.ActiveCfg = Release|Any CPU
		{28C271CC-5277-4CDA-A069-ACA618A98FE3}.Release|Any CPU.Build.0 = Release|Any CPU
	EndGlobalSection
	GlobalSection(SolutionProperties) = preSolution
		HideSolutionNode = FALSE
	EndGlobalSection
	GlobalSection(ExtensibilityGlobals) = postSolution
		SolutionGuid = {31EED347-9553-4C49-BE98-29CB903BBF8F}
	EndGlobalSection
EndGlobal
